{
  "name": "emp-reflect",
  "version": "0.0.2",
  "lockfileVersion": 1,
  "requires": true,
  "dependencies": {
    "asynclock": {
      "version": "1.0.1",
      "resolved": "https://registry.npmjs.org/asynclock/-/asynclock-1.0.1.tgz",
      "integrity": "sha512-KgxOkNeX6f6R3qFU9iOFjOqszIAJRg4B0cdEKB09OTmapWSuTp3mLmva4iHK/vH0otsvuYAnmXSyjDbaiVGZbA=="
    }
  }
}
